// !$*UTF8*$!
{
	archiveVersion = 1;
	classes = {
	};
	objectVersion = 46;
	objects = {

/* Begin PBXBuildFile section */
		D516DC0D1F5F9EF10038A926 /* AppDelegate.swift in Sources */ = {isa = PBXBuildFile; fileRef = D516DC0C1F5F9EF10038A926 /* AppDelegate.swift */; };
		D516DC121F5F9EF10038A926 /* Main.storyboard in Resources */ = {isa = PBXBuildFile; fileRef = D516DC101F5F9EF10038A926 /* Main.storyboard */; };
		D516DC141F5F9EF10038A926 /* Assets.xcassets in Resources */ = {isa = PBXBuildFile; fileRef = D516DC131F5F9EF10038A926 /* Assets.xcassets */; };
		D516DC171F5F9EF10038A926 /* LaunchScreen.storyboard in Resources */ = {isa = PBXBuildFile; fileRef = D516DC151F5F9EF10038A926 /* LaunchScreen.storyboard */; };
		D516DC2B1F5FA02C0038A926 /* HomeViewController.swift in Sources */ = {isa = PBXBuildFile; fileRef = D516DC2A1F5FA02C0038A926 /* HomeViewController.swift */; };
		D516DC2D1F5FA9B10038A926 /* MainTabBarController.swift in Sources */ = {isa = PBXBuildFile; fileRef = D516DC2C1F5FA9B10038A926 /* MainTabBarController.swift */; };
		D516DC301F5FAA9D0038A926 /* HomeCollectionViewCell.swift in Sources */ = {isa = PBXBuildFile; fileRef = D516DC2E1F5FAA9D0038A926 /* HomeCollectionViewCell.swift */; };
		D516DC311F5FAA9D0038A926 /* HomeCollectionViewCell.xib in Resources */ = {isa = PBXBuildFile; fileRef = D516DC2F1F5FAA9D0038A926 /* HomeCollectionViewCell.xib */; };
		D516DC331F5FAF470038A926 /* HomeCellVIewModel.swift in Sources */ = {isa = PBXBuildFile; fileRef = D516DC321F5FAF470038A926 /* HomeCellVIewModel.swift */; };
		D516DC351F60B9AF0038A926 /* Shot.swift in Sources */ = {isa = PBXBuildFile; fileRef = D516DC341F60B9AF0038A926 /* Shot.swift */; };
		D516DC381F60B9BD0038A926 /* ShotImage.swift in Sources */ = {isa = PBXBuildFile; fileRef = D516DC361F60B9BD0038A926 /* ShotImage.swift */; };
		D516DC391F60B9BD0038A926 /* User.swift in Sources */ = {isa = PBXBuildFile; fileRef = D516DC371F60B9BD0038A926 /* User.swift */; };
		D516DC3F1F60C4500038A926 /* HTTPTools.swift in Sources */ = {isa = PBXBuildFile; fileRef = D516DC3E1F60C4500038A926 /* HTTPTools.swift */; };
		D516DC411F60C90E0038A926 /* DataTools.swift in Sources */ = {isa = PBXBuildFile; fileRef = D516DC401F60C90E0038A926 /* DataTools.swift */; };
		D516DC431F60D9B60038A926 /* Global.swift in Sources */ = {isa = PBXBuildFile; fileRef = D516DC421F60D9B60038A926 /* Global.swift */; };
		D516DC901F6B44C60038A926 /* SUIViewController.swift in Sources */ = {isa = PBXBuildFile; fileRef = D516DC8F1F6B44C60038A926 /* SUIViewController.swift */; };
		D516DC921F6B45790038A926 /* NavigationController.swift in Sources */ = {isa = PBXBuildFile; fileRef = D516DC911F6B45790038A926 /* NavigationController.swift */; };
		D516DC981F6B679A0038A926 /* UIButton+Utilities.swift in Sources */ = {isa = PBXBuildFile; fileRef = D516DC971F6B679A0038A926 /* UIButton+Utilities.swift */; };
		D516DC9A1F6B682C0038A926 /* UIView+Size.swift in Sources */ = {isa = PBXBuildFile; fileRef = D516DC991F6B682C0038A926 /* UIView+Size.swift */; };
		D516DCA31F6B6B530038A926 /* ExploreViewController.swift in Sources */ = {isa = PBXBuildFile; fileRef = D516DCA21F6B6B530038A926 /* ExploreViewController.swift */; };
		D516DCA51F6B6BB30038A926 /* PortfolioViewController.swift in Sources */ = {isa = PBXBuildFile; fileRef = D516DCA41F6B6BB30038A926 /* PortfolioViewController.swift */; };
		D5A3D8D41F7C8FCC00CDFEC3 /* TitleMenuViewController.swift in Sources */ = {isa = PBXBuildFile; fileRef = D5A3D8D11F7C8E6D00CDFEC3 /* TitleMenuViewController.swift */; };
		D5A3D8D51F7C900000CDFEC3 /* TitleView.swift in Sources */ = {isa = PBXBuildFile; fileRef = D5A3D8D31F7C8E6D00CDFEC3 /* TitleView.swift */; };
		D5A3D8DA1F8086DA00CDFEC3 /* PortfolioDetailViewCell.swift in Sources */ = {isa = PBXBuildFile; fileRef = D5A3D8D81F8086DA00CDFEC3 /* PortfolioDetailViewCell.swift */; };
		D5A3D8DB1F8086DA00CDFEC3 /* PortfolioDetailViewCell.xib in Resources */ = {isa = PBXBuildFile; fileRef = D5A3D8D91F8086DA00CDFEC3 /* PortfolioDetailViewCell.xib */; };
		D5A3D8DD1F831A8700CDFEC3 /* PlayerProfileViewController.swift in Sources */ = {isa = PBXBuildFile; fileRef = D5A3D8DC1F831A8700CDFEC3 /* PlayerProfileViewController.swift */; };
		D5A3D8DF1F831AAE00CDFEC3 /* ShotDetailViewController.swift in Sources */ = {isa = PBXBuildFile; fileRef = D5A3D8DE1F831AAE00CDFEC3 /* ShotDetailViewController.swift */; };
		D5EFCFFC1F706C8B008EA87A /* LoginViewController.swift in Sources */ = {isa = PBXBuildFile; fileRef = D5EFCFFA1F706C8B008EA87A /* LoginViewController.swift */; };
		D5EFCFFF1F706DE3008EA87A /* AccountManager.swift in Sources */ = {isa = PBXBuildFile; fileRef = D5EFCFFE1F706DE3008EA87A /* AccountManager.swift */; };
		D5EFD0011F70849C008EA87A /* WKViewController.swift in Sources */ = {isa = PBXBuildFile; fileRef = D5EFD0001F70849C008EA87A /* WKViewController.swift */; };
		D5EFD0031F75C70F008EA87A /* ExploreCollectionViewCell.swift in Sources */ = {isa = PBXBuildFile; fileRef = D5EFD0021F75C70F008EA87A /* ExploreCollectionViewCell.swift */; };
		D5EFD0051F75C746008EA87A /* ExploreCellVIewModel.swift in Sources */ = {isa = PBXBuildFile; fileRef = D5EFD0041F75C746008EA87A /* ExploreCellVIewModel.swift */; };
		D5EFD0071F75C753008EA87A /* ExploreCollectionViewCell.xib in Resources */ = {isa = PBXBuildFile; fileRef = D5EFD0061F75C753008EA87A /* ExploreCollectionViewCell.xib */; };
		F4ED0D16F9B7C5FD74291D3D /* Pods_Dribbble.framework in Frameworks */ = {isa = PBXBuildFile; fileRef = CC7D9EB8EAEDAFEE763B11CB /* Pods_Dribbble.framework */; };
/* End PBXBuildFile section */

/* Begin PBXFileReference section */
		65FD236354373EB400E8D08C /* Pods-Dribbble.debug.xcconfig */ = {isa = PBXFileReference; includeInIndex = 1; lastKnownFileType = text.xcconfig; name = "Pods-Dribbble.debug.xcconfig"; path = "Pods/Target Support Files/Pods-Dribbble/Pods-Dribbble.debug.xcconfig"; sourceTree = "<group>"; };
		7EC8A42DB40017D586CB550F /* Pods-Dribbble.release.xcconfig */ = {isa = PBXFileReference; includeInIndex = 1; lastKnownFileType = text.xcconfig; name = "Pods-Dribbble.release.xcconfig"; path = "Pods/Target Support Files/Pods-Dribbble/Pods-Dribbble.release.xcconfig"; sourceTree = "<group>"; };
		CC7D9EB8EAEDAFEE763B11CB /* Pods_Dribbble.framework */ = {isa = PBXFileReference; explicitFileType = wrapper.framework; includeInIndex = 0; path = Pods_Dribbble.framework; sourceTree = BUILT_PRODUCTS_DIR; };
		D516DC091F5F9EF10038A926 /* Dribbble.app */ = {isa = PBXFileReference; explicitFileType = wrapper.application; includeInIndex = 0; path = Dribbble.app; sourceTree = BUILT_PRODUCTS_DIR; };
		D516DC0C1F5F9EF10038A926 /* AppDelegate.swift */ = {isa = PBXFileReference; lastKnownFileType = sourcecode.swift; name = AppDelegate.swift; path = ../../AppDelegate.swift; sourceTree = "<group>"; };
		D516DC111F5F9EF10038A926 /* Base */ = {isa = PBXFileReference; lastKnownFileType = file.storyboard; name = Base; path = Base.lproj/Main.storyboard; sourceTree = "<group>"; };
		D516DC131F5F9EF10038A926 /* Assets.xcassets */ = {isa = PBXFileReference; lastKnownFileType = folder.assetcatalog; name = Assets.xcassets; path = ../../Assets.xcassets; sourceTree = "<group>"; };
		D516DC161F5F9EF10038A926 /* Base */ = {isa = PBXFileReference; lastKnownFileType = file.storyboard; name = Base; path = Base.lproj/LaunchScreen.storyboard; sourceTree = "<group>"; };
		D516DC181F5F9EF10038A926 /* Info.plist */ = {isa = PBXFileReference; lastKnownFileType = text.plist.xml; name = Info.plist; path = ../../Info.plist; sourceTree = "<group>"; };
		D516DC2A1F5FA02C0038A926 /* HomeViewController.swift */ = {isa = PBXFileReference; fileEncoding = 4; lastKnownFileType = sourcecode.swift; path = HomeViewController.swift; sourceTree = "<group>"; };
		D516DC2C1F5FA9B10038A926 /* MainTabBarController.swift */ = {isa = PBXFileReference; fileEncoding = 4; lastKnownFileType = sourcecode.swift; path = MainTabBarController.swift; sourceTree = "<group>"; };
		D516DC2E1F5FAA9D0038A926 /* HomeCollectionViewCell.swift */ = {isa = PBXFileReference; fileEncoding = 4; lastKnownFileType = sourcecode.swift; path = HomeCollectionViewCell.swift; sourceTree = "<group>"; };
		D516DC2F1F5FAA9D0038A926 /* HomeCollectionViewCell.xib */ = {isa = PBXFileReference; fileEncoding = 4; lastKnownFileType = file.xib; path = HomeCollectionViewCell.xib; sourceTree = "<group>"; };
		D516DC321F5FAF470038A926 /* HomeCellVIewModel.swift */ = {isa = PBXFileReference; fileEncoding = 4; lastKnownFileType = sourcecode.swift; path = HomeCellVIewModel.swift; sourceTree = "<group>"; };
		D516DC341F60B9AF0038A926 /* Shot.swift */ = {isa = PBXFileReference; fileEncoding = 4; lastKnownFileType = sourcecode.swift; path = Shot.swift; sourceTree = "<group>"; };
		D516DC361F60B9BD0038A926 /* ShotImage.swift */ = {isa = PBXFileReference; fileEncoding = 4; lastKnownFileType = sourcecode.swift; path = ShotImage.swift; sourceTree = "<group>"; };
		D516DC371F60B9BD0038A926 /* User.swift */ = {isa = PBXFileReference; fileEncoding = 4; lastKnownFileType = sourcecode.swift; path = User.swift; sourceTree = "<group>"; };
		D516DC3E1F60C4500038A926 /* HTTPTools.swift */ = {isa = PBXFileReference; fileEncoding = 4; lastKnownFileType = sourcecode.swift; path = HTTPTools.swift; sourceTree = "<group>"; };
		D516DC401F60C90E0038A926 /* DataTools.swift */ = {isa = PBXFileReference; fileEncoding = 4; lastKnownFileType = sourcecode.swift; path = DataTools.swift; sourceTree = "<group>"; };
		D516DC421F60D9B60038A926 /* Global.swift */ = {isa = PBXFileReference; fileEncoding = 4; lastKnownFileType = sourcecode.swift; path = Global.swift; sourceTree = "<group>"; };
		D516DC8F1F6B44C60038A926 /* SUIViewController.swift */ = {isa = PBXFileReference; fileEncoding = 4; lastKnownFileType = sourcecode.swift; path = SUIViewController.swift; sourceTree = "<group>"; };
		D516DC911F6B45790038A926 /* NavigationController.swift */ = {isa = PBXFileReference; fileEncoding = 4; lastKnownFileType = sourcecode.swift; path = NavigationController.swift; sourceTree = "<group>"; };
		D516DC971F6B679A0038A926 /* UIButton+Utilities.swift */ = {isa = PBXFileReference; fileEncoding = 4; lastKnownFileType = sourcecode.swift; path = "UIButton+Utilities.swift"; sourceTree = "<group>"; };
		D516DC991F6B682C0038A926 /* UIView+Size.swift */ = {isa = PBXFileReference; fileEncoding = 4; lastKnownFileType = sourcecode.swift; path = "UIView+Size.swift"; sourceTree = "<group>"; };
		D516DCA21F6B6B530038A926 /* ExploreViewController.swift */ = {isa = PBXFileReference; fileEncoding = 4; lastKnownFileType = sourcecode.swift; path = ExploreViewController.swift; sourceTree = "<group>"; };
		D516DCA41F6B6BB30038A926 /* PortfolioViewController.swift */ = {isa = PBXFileReference; fileEncoding = 4; lastKnownFileType = sourcecode.swift; path = PortfolioViewController.swift; sourceTree = "<group>"; };
		D5A3D8D11F7C8E6D00CDFEC3 /* TitleMenuViewController.swift */ = {isa = PBXFileReference; lastKnownFileType = sourcecode.swift; path = TitleMenuViewController.swift; sourceTree = "<group>"; };
		D5A3D8D31F7C8E6D00CDFEC3 /* TitleView.swift */ = {isa = PBXFileReference; lastKnownFileType = sourcecode.swift; path = TitleView.swift; sourceTree = "<group>"; };
		D5A3D8D81F8086DA00CDFEC3 /* PortfolioDetailViewCell.swift */ = {isa = PBXFileReference; lastKnownFileType = sourcecode.swift; path = PortfolioDetailViewCell.swift; sourceTree = "<group>"; };
		D5A3D8D91F8086DA00CDFEC3 /* PortfolioDetailViewCell.xib */ = {isa = PBXFileReference; lastKnownFileType = file.xib; path = PortfolioDetailViewCell.xib; sourceTree = "<group>"; };
		D5A3D8DC1F831A8700CDFEC3 /* PlayerProfileViewController.swift */ = {isa = PBXFileReference; lastKnownFileType = sourcecode.swift; path = PlayerProfileViewController.swift; sourceTree = "<group>"; };
		D5A3D8DE1F831AAE00CDFEC3 /* ShotDetailViewController.swift */ = {isa = PBXFileReference; lastKnownFileType = sourcecode.swift; path = ShotDetailViewController.swift; sourceTree = "<group>"; };
		D5EFCFFA1F706C8B008EA87A /* LoginViewController.swift */ = {isa = PBXFileReference; fileEncoding = 4; lastKnownFileType = sourcecode.swift; path = LoginViewController.swift; sourceTree = "<group>"; };
		D5EFCFFE1F706DE3008EA87A /* AccountManager.swift */ = {isa = PBXFileReference; fileEncoding = 4; lastKnownFileType = sourcecode.swift; path = AccountManager.swift; sourceTree = "<group>"; };
		D5EFD0001F70849C008EA87A /* WKViewController.swift */ = {isa = PBXFileReference; fileEncoding = 4; lastKnownFileType = sourcecode.swift; path = WKViewController.swift; sourceTree = "<group>"; };
		D5EFD0021F75C70F008EA87A /* ExploreCollectionViewCell.swift */ = {isa = PBXFileReference; fileEncoding = 4; lastKnownFileType = sourcecode.swift; path = ExploreCollectionViewCell.swift; sourceTree = "<group>"; };
		D5EFD0041F75C746008EA87A /* ExploreCellVIewModel.swift */ = {isa = PBXFileReference; fileEncoding = 4; lastKnownFileType = sourcecode.swift; path = ExploreCellVIewModel.swift; sourceTree = "<group>"; };
		D5EFD0061F75C753008EA87A /* ExploreCollectionViewCell.xib */ = {isa = PBXFileReference; fileEncoding = 4; lastKnownFileType = file.xib; path = ExploreCollectionViewCell.xib; sourceTree = "<group>"; };
/* End PBXFileReference section */

/* Begin PBXFrameworksBuildPhase section */
		D516DC061F5F9EF10038A926 /* Frameworks */ = {
			isa = PBXFrameworksBuildPhase;
			buildActionMask = 2147483647;
			files = (
				F4ED0D16F9B7C5FD74291D3D /* Pods_Dribbble.framework in Frameworks */,
			);
			runOnlyForDeploymentPostprocessing = 0;
		};
/* End PBXFrameworksBuildPhase section */

/* Begin PBXGroup section */
		7EC794A8BF46DAEA351AA8F1 /* Frameworks */ = {
			isa = PBXGroup;
			children = (
				CC7D9EB8EAEDAFEE763B11CB /* Pods_Dribbble.framework */,
			);
			name = Frameworks;
			sourceTree = "<group>";
		};
		83B57072A048F92E4F94FEE2 /* Pods */ = {
			isa = PBXGroup;
			children = (
				65FD236354373EB400E8D08C /* Pods-Dribbble.debug.xcconfig */,
				7EC8A42DB40017D586CB550F /* Pods-Dribbble.release.xcconfig */,
			);
			name = Pods;
			sourceTree = "<group>";
		};
		D516DC001F5F9EF10038A926 = {
			isa = PBXGroup;
			children = (
				D516DC0B1F5F9EF10038A926 /* Dribbble */,
				D516DC0A1F5F9EF10038A926 /* Products */,
				83B57072A048F92E4F94FEE2 /* Pods */,
				7EC794A8BF46DAEA351AA8F1 /* Frameworks */,
			);
			sourceTree = "<group>";
		};
		D516DC0A1F5F9EF10038A926 /* Products */ = {
			isa = PBXGroup;
			children = (
				D516DC091F5F9EF10038A926 /* Dribbble.app */,
			);
			name = Products;
			sourceTree = "<group>";
		};
		D516DC0B1F5F9EF10038A926 /* Dribbble */ = {
			isa = PBXGroup;
			children = (
				D516DC1E1F5F9FCD0038A926 /* Classes */,
				D5A3D8CF1F7C8E6D00CDFEC3 /* UIComponent */,
			);
			path = Dribbble;
			sourceTree = "<group>";
		};
		D516DC1E1F5F9FCD0038A926 /* Classes */ = {
			isa = PBXGroup;
			children = (
				D516DC501F6506380038A926 /* Supporting File */,
				D516DC1F1F5F9FCD0038A926 /* Auth */,
				D516DC201F5F9FCD0038A926 /* Basic */,
				D516DC211F5F9FCD0038A926 /* DataManager */,
				D516DC231F5F9FCD0038A926 /* Home */,
				D516DC4E1F6505C00038A926 /* Explorer */,
				D516DC9E1F6B6AFD0038A926 /* Portfolio */,
				D516DC271F5F9FCD0038A926 /* Models */,
				D516DC281F5F9FCD0038A926 /* Network */,
				D516DC221F5F9FCD0038A926 /* Extension */,
			);
			path = Classes;
			sourceTree = "<group>";
		};
		D516DC1F1F5F9FCD0038A926 /* Auth */ = {
			isa = PBXGroup;
			children = (
				D5EFCFFA1F706C8B008EA87A /* LoginViewController.swift */,
				D5EFD0001F70849C008EA87A /* WKViewController.swift */,
			);
			path = Auth;
			sourceTree = "<group>";
		};
		D516DC201F5F9FCD0038A926 /* Basic */ = {
			isa = PBXGroup;
			children = (
				D516DC0C1F5F9EF10038A926 /* AppDelegate.swift */,
				D516DC101F5F9EF10038A926 /* Main.storyboard */,
				D516DC2C1F5FA9B10038A926 /* MainTabBarController.swift */,
				D516DC8F1F6B44C60038A926 /* SUIViewController.swift */,
				D516DC421F60D9B60038A926 /* Global.swift */,
				D516DC911F6B45790038A926 /* NavigationController.swift */,
			);
			path = Basic;
			sourceTree = "<group>";
		};
		D516DC211F5F9FCD0038A926 /* DataManager */ = {
			isa = PBXGroup;
			children = (
				D516DC401F60C90E0038A926 /* DataTools.swift */,
				D5EFCFFE1F706DE3008EA87A /* AccountManager.swift */,
			);
			path = DataManager;
			sourceTree = "<group>";
		};
		D516DC221F5F9FCD0038A926 /* Extension */ = {
			isa = PBXGroup;
			children = (
				D516DC971F6B679A0038A926 /* UIButton+Utilities.swift */,
				D516DC991F6B682C0038A926 /* UIView+Size.swift */,
			);
			path = Extension;
			sourceTree = "<group>";
		};
		D516DC231F5F9FCD0038A926 /* Home */ = {
			isa = PBXGroup;
			children = (
				D516DC241F5F9FCD0038A926 /* View */,
				D516DC251F5F9FCD0038A926 /* ViewController */,
				D516DC261F5F9FCD0038A926 /* ViewModel */,
			);
			path = Home;
			sourceTree = "<group>";
		};
		D516DC241F5F9FCD0038A926 /* View */ = {
			isa = PBXGroup;
			children = (
				D516DC2E1F5FAA9D0038A926 /* HomeCollectionViewCell.swift */,
				D516DC2F1F5FAA9D0038A926 /* HomeCollectionViewCell.xib */,
			);
			path = View;
			sourceTree = "<group>";
		};
		D516DC251F5F9FCD0038A926 /* ViewController */ = {
			isa = PBXGroup;
			children = (
				D516DC2A1F5FA02C0038A926 /* HomeViewController.swift */,
				D5A3D8DE1F831AAE00CDFEC3 /* ShotDetailViewController.swift */,
			);
			path = ViewController;
			sourceTree = "<group>";
		};
		D516DC261F5F9FCD0038A926 /* ViewModel */ = {
			isa = PBXGroup;
			children = (
				D516DC321F5FAF470038A926 /* HomeCellVIewModel.swift */,
			);
			path = ViewModel;
			sourceTree = "<group>";
		};
		D516DC271F5F9FCD0038A926 /* Models */ = {
			isa = PBXGroup;
			children = (
				D516DC361F60B9BD0038A926 /* ShotImage.swift */,
				D516DC371F60B9BD0038A926 /* User.swift */,
				D516DC341F60B9AF0038A926 /* Shot.swift */,
			);
			path = Models;
			sourceTree = "<group>";
		};
		D516DC281F5F9FCD0038A926 /* Network */ = {
			isa = PBXGroup;
			children = (
				D516DC3E1F60C4500038A926 /* HTTPTools.swift */,
			);
			path = Network;
			sourceTree = "<group>";
		};
		D516DC4E1F6505C00038A926 /* Explorer */ = {
			isa = PBXGroup;
			children = (
				D516DC9B1F6B6AEA0038A926 /* View */,
				D516DC9C1F6B6AEA0038A926 /* ViewController */,
				D516DC9D1F6B6AEA0038A926 /* ViewModel */,
			);
			path = Explorer;
			sourceTree = "<group>";
		};
		D516DC501F6506380038A926 /* Supporting File */ = {
			isa = PBXGroup;
			children = (
				D516DC131F5F9EF10038A926 /* Assets.xcassets */,
				D516DC151F5F9EF10038A926 /* LaunchScreen.storyboard */,
				D516DC181F5F9EF10038A926 /* Info.plist */,
			);
			path = "Supporting File";
			sourceTree = "<group>";
		};
		D516DC9B1F6B6AEA0038A926 /* View */ = {
			isa = PBXGroup;
			children = (
				D5EFD0021F75C70F008EA87A /* ExploreCollectionViewCell.swift */,
				D5EFD0061F75C753008EA87A /* ExploreCollectionViewCell.xib */,
			);
			path = View;
			sourceTree = "<group>";
		};
		D516DC9C1F6B6AEA0038A926 /* ViewController */ = {
			isa = PBXGroup;
			children = (
				D516DCA21F6B6B530038A926 /* ExploreViewController.swift */,
			);
			path = ViewController;
			sourceTree = "<group>";
		};
		D516DC9D1F6B6AEA0038A926 /* ViewModel */ = {
			isa = PBXGroup;
			children = (
				D5EFD0041F75C746008EA87A /* ExploreCellVIewModel.swift */,
			);
			path = ViewModel;
			sourceTree = "<group>";
		};
		D516DC9E1F6B6AFD0038A926 /* Portfolio */ = {
			isa = PBXGroup;
			children = (
				D516DC9F1F6B6AFD0038A926 /* View */,
				D516DCA01F6B6AFD0038A926 /* ViewController */,
				D516DCA11F6B6AFD0038A926 /* ViewModel */,
			);
			path = Portfolio;
			sourceTree = "<group>";
		};
		D516DC9F1F6B6AFD0038A926 /* View */ = {
			isa = PBXGroup;
			children = (
				D5A3D8D81F8086DA00CDFEC3 /* PortfolioDetailViewCell.swift */,
				D5A3D8D91F8086DA00CDFEC3 /* PortfolioDetailViewCell.xib */,
			);
			path = View;
			sourceTree = "<group>";
		};
		D516DCA01F6B6AFD0038A926 /* ViewController */ = {
			isa = PBXGroup;
			children = (
				D516DCA41F6B6BB30038A926 /* PortfolioViewController.swift */,
				D5A3D8DC1F831A8700CDFEC3 /* PlayerProfileViewController.swift */,
			);
			path = ViewController;
			sourceTree = "<group>";
		};
		D516DCA11F6B6AFD0038A926 /* ViewModel */ = {
			isa = PBXGroup;
			children = (
			);
			path = ViewModel;
			sourceTree = "<group>";
		};
		D5A3D8CF1F7C8E6D00CDFEC3 /* UIComponent */ = {
			isa = PBXGroup;
			children = (
				D5A3D8D01F7C8E6D00CDFEC3 /* Controller */,
				D5A3D8D21F7C8E6D00CDFEC3 /* View */,
			);
			name = UIComponent;
			path = Dribbble/UIComponent;
			sourceTree = SOURCE_ROOT;
		};
		D5A3D8D01F7C8E6D00CDFEC3 /* Controller */ = {
			isa = PBXGroup;
			children = (
				D5A3D8D11F7C8E6D00CDFEC3 /* TitleMenuViewController.swift */,
			);
			path = Controller;
			sourceTree = "<group>";
		};
		D5A3D8D21F7C8E6D00CDFEC3 /* View */ = {
			isa = PBXGroup;
			children = (
				D5A3D8D31F7C8E6D00CDFEC3 /* TitleView.swift */,
			);
			path = View;
			sourceTree = "<group>";
		};
/* End PBXGroup section */

/* Begin PBXNativeTarget section */
		D516DC081F5F9EF10038A926 /* Dribbble */ = {
			isa = PBXNativeTarget;
			buildConfigurationList = D516DC1B1F5F9EF10038A926 /* Build configuration list for PBXNativeTarget "Dribbble" */;
			buildPhases = (
				064D9B203DDC8550097D838A /* [CP] Check Pods Manifest.lock */,
				D516DC051F5F9EF10038A926 /* Sources */,
				D516DC061F5F9EF10038A926 /* Frameworks */,
				D516DC071F5F9EF10038A926 /* Resources */,
				E9E70FDDD4CD92C3FA867AB9 /* [CP] Embed Pods Frameworks */,
				E96044677CDA5199E6364E94 /* [CP] Copy Pods Resources */,
			);
			buildRules = (
			);
			dependencies = (
			);
			name = Dribbble;
			productName = Dribbble;
			productReference = D516DC091F5F9EF10038A926 /* Dribbble.app */;
			productType = "com.apple.product-type.application";
		};
/* End PBXNativeTarget section */

/* Begin PBXProject section */
		D516DC011F5F9EF10038A926 /* Project object */ = {
			isa = PBXProject;
			attributes = {
				LastSwiftUpdateCheck = 0820;
				LastUpgradeCheck = 0820;
				ORGANIZATIONNAME = "Hetian Yang";
				TargetAttributes = {
					D516DC081F5F9EF10038A926 = {
						CreatedOnToolsVersion = 8.2.1;
						DevelopmentTeam = 9485SFKVYM;
						ProvisioningStyle = Automatic;
					};
				};
			};
			buildConfigurationList = D516DC041F5F9EF10038A926 /* Build configuration list for PBXProject "Dribbble" */;
			compatibilityVersion = "Xcode 3.2";
			developmentRegion = English;
			hasScannedForEncodings = 0;
			knownRegions = (
				en,
				Base,
			);
			mainGroup = D516DC001F5F9EF10038A926;
			productRefGroup = D516DC0A1F5F9EF10038A926 /* Products */;
			projectDirPath = "";
			projectRoot = "";
			targets = (
				D516DC081F5F9EF10038A926 /* Dribbble */,
			);
		};
/* End PBXProject section */

/* Begin PBXResourcesBuildPhase section */
		D516DC071F5F9EF10038A926 /* Resources */ = {
			isa = PBXResourcesBuildPhase;
			buildActionMask = 2147483647;
			files = (
				D5EFD0071F75C753008EA87A /* ExploreCollectionViewCell.xib in Resources */,
				D516DC171F5F9EF10038A926 /* LaunchScreen.storyboard in Resources */,
				D5A3D8DB1F8086DA00CDFEC3 /* PortfolioDetailViewCell.xib in Resources */,
				D516DC141F5F9EF10038A926 /* Assets.xcassets in Resources */,
				D516DC121F5F9EF10038A926 /* Main.storyboard in Resources */,
				D516DC311F5FAA9D0038A926 /* HomeCollectionViewCell.xib in Resources */,
			);
			runOnlyForDeploymentPostprocessing = 0;
		};
/* End PBXResourcesBuildPhase section */

/* Begin PBXShellScriptBuildPhase section */
		064D9B203DDC8550097D838A /* [CP] Check Pods Manifest.lock */ = {
			isa = PBXShellScriptBuildPhase;
			buildActionMask = 2147483647;
			files = (
			);
			inputPaths = (
			);
			name = "[CP] Check Pods Manifest.lock";
			outputPaths = (
			);
			runOnlyForDeploymentPostprocessing = 0;
			shellPath = /bin/sh;
			shellScript = "diff \"${PODS_PODFILE_DIR_PATH}/Podfile.lock\" \"${PODS_ROOT}/Manifest.lock\" > /dev/null\nif [ $? != 0 ] ; then\n    # print error to STDERR\n    echo \"error: The sandbox is not in sync with the Podfile.lock. Run 'pod install' or update your CocoaPods installation.\" >&2\n    exit 1\nfi\n";
			showEnvVarsInLog = 0;
		};
		E96044677CDA5199E6364E94 /* [CP] Copy Pods Resources */ = {
			isa = PBXShellScriptBuildPhase;
			buildActionMask = 2147483647;
			files = (
			);
			inputPaths = (
			);
			name = "[CP] Copy Pods Resources";
			outputPaths = (
			);
			runOnlyForDeploymentPostprocessing = 0;
			shellPath = /bin/sh;
			shellScript = "\"${SRCROOT}/Pods/Target Support Files/Pods-Dribbble/Pods-Dribbble-resources.sh\"\n";
			showEnvVarsInLog = 0;
		};
		E9E70FDDD4CD92C3FA867AB9 /* [CP] Embed Pods Frameworks */ = {
			isa = PBXShellScriptBuildPhase;
			buildActionMask = 2147483647;
			files = (
			);
			inputPaths = (
			);
			name = "[CP] Embed Pods Frameworks";
			outputPaths = (
			);
			runOnlyForDeploymentPostprocessing = 0;
			shellPath = /bin/sh;
			shellScript = "\"${SRCROOT}/Pods/Target Support Files/Pods-Dribbble/Pods-Dribbble-frameworks.sh\"\n";
			showEnvVarsInLog = 0;
		};
/* End PBXShellScriptBuildPhase section */

/* Begin PBXSourcesBuildPhase section */
		D516DC051F5F9EF10038A926 /* Sources */ = {
			isa = PBXSourcesBuildPhase;
			buildActionMask = 2147483647;
			files = (
				D5EFD0011F70849C008EA87A /* WKViewController.swift in Sources */,
				D516DC0D1F5F9EF10038A926 /* AppDelegate.swift in Sources */,
				D5EFD0031F75C70F008EA87A /* ExploreCollectionViewCell.swift in Sources */,
				D516DC431F60D9B60038A926 /* Global.swift in Sources */,
				D516DC901F6B44C60038A926 /* SUIViewController.swift in Sources */,
				D516DC2B1F5FA02C0038A926 /* HomeViewController.swift in Sources */,
				D516DC3F1F60C4500038A926 /* HTTPTools.swift in Sources */,
				D516DC981F6B679A0038A926 /* UIButton+Utilities.swift in Sources */,
				D516DC2D1F5FA9B10038A926 /* MainTabBarController.swift in Sources */,
				D516DC351F60B9AF0038A926 /* Shot.swift in Sources */,
				D5EFCFFF1F706DE3008EA87A /* AccountManager.swift in Sources */,
				D5EFCFFC1F706C8B008EA87A /* LoginViewController.swift in Sources */,
				D516DC391F60B9BD0038A926 /* User.swift in Sources */,
				D516DC921F6B45790038A926 /* NavigationController.swift in Sources */,
				D5A3D8DF1F831AAE00CDFEC3 /* ShotDetailViewController.swift in Sources */,
				D516DC331F5FAF470038A926 /* HomeCellVIewModel.swift in Sources */,
				D5A3D8D41F7C8FCC00CDFEC3 /* TitleMenuViewController.swift in Sources */,
				D516DCA51F6B6BB30038A926 /* PortfolioViewController.swift in Sources */,
				D5A3D8DA1F8086DA00CDFEC3 /* PortfolioDetailViewCell.swift in Sources */,
				D516DC9A1F6B682C0038A926 /* UIView+Size.swift in Sources */,
				D516DC381F60B9BD0038A926 /* ShotImage.swift in Sources */,
				D516DCA31F6B6B530038A926 /* ExploreViewController.swift in Sources */,
				D5A3D8DD1F831A8700CDFEC3 /* PlayerProfileViewController.swift in Sources */,
				D516DC301F5FAA9D0038A926 /* HomeCollectionViewCell.swift in Sources */,
				D516DC411F60C90E0038A926 /* DataTools.swift in Sources */,
				D5EFD0051F75C746008EA87A /* ExploreCellVIewModel.swift in Sources */,
				D5A3D8D51F7C900000CDFEC3 /* TitleView.swift in Sources */,
			);
			runOnlyForDeploymentPostprocessing = 0;
		};
/* End PBXSourcesBuildPhase section */

/* Begin PBXVariantGroup section */
		D516DC101F5F9EF10038A926 /* Main.storyboard */ = {
			isa = PBXVariantGroup;
			children = (
				D516DC111F5F9EF10038A926 /* Base */,
			);
			name = Main.storyboard;
			path = ../..;
			sourceTree = "<group>";
		};
		D516DC151F5F9EF10038A926 /* LaunchScreen.storyboard */ = {
			isa = PBXVariantGroup;
			children = (
				D516DC161F5F9EF10038A926 /* Base */,
			);
			name = LaunchScreen.storyboard;
			path = ../..;
			sourceTree = "<group>";
		};
/* End PBXVariantGroup section */

/* Begin XCBuildConfiguration section */
		D516DC191F5F9EF10038A926 /* Debug */ = {
			isa = XCBuildConfiguration;
			buildSettings = {
				ALWAYS_SEARCH_USER_PATHS = NO;
				CLANG_ANALYZER_NONNULL = YES;
				CLANG_CXX_LANGUAGE_STANDARD = "gnu++0x";
				CLANG_CXX_LIBRARY = "libc++";
				CLANG_ENABLE_MODULES = YES;
				CLANG_ENABLE_OBJC_ARC = YES;
				CLANG_WARN_BOOL_CONVERSION = YES;
				CLANG_WARN_CONSTANT_CONVERSION = YES;
				CLANG_WARN_DIRECT_OBJC_ISA_USAGE = YES_ERROR;
				CLANG_WARN_DOCUMENTATION_COMMENTS = YES;
				CLANG_WARN_EMPTY_BODY = YES;
				CLANG_WARN_ENUM_CONVERSION = YES;
				CLANG_WARN_INFINITE_RECURSION = YES;
				CLANG_WARN_INT_CONVERSION = YES;
				CLANG_WARN_OBJC_ROOT_CLASS = YES_ERROR;
				CLANG_WARN_SUSPICIOUS_MOVE = YES;
				CLANG_WARN_UNREACHABLE_CODE = YES;
				CLANG_WARN__DUPLICATE_METHOD_MATCH = YES;
				"CODE_SIGN_IDENTITY[sdk=iphoneos*]" = "iPhone Developer";
				COPY_PHASE_STRIP = NO;
				DEBUG_INFORMATION_FORMAT = dwarf;
				ENABLE_STRICT_OBJC_MSGSEND = YES;
				ENABLE_TESTABILITY = YES;
				GCC_C_LANGUAGE_STANDARD = gnu99;
				GCC_DYNAMIC_NO_PIC = NO;
				GCC_NO_COMMON_BLOCKS = YES;
				GCC_OPTIMIZATION_LEVEL = 0;
				GCC_PREPROCESSOR_DEFINITIONS = (
					"DEBUG=1",
					"$(inherited)",
				);
				GCC_WARN_64_TO_32_BIT_CONVERSION = YES;
				GCC_WARN_ABOUT_RETURN_TYPE = YES_ERROR;
				GCC_WARN_UNDECLARED_SELECTOR = YES;
				GCC_WARN_UNINITIALIZED_AUTOS = YES_AGGRESSIVE;
				GCC_WARN_UNUSED_FUNCTION = YES;
				GCC_WARN_UNUSED_VARIABLE = YES;
				IPHONEOS_DEPLOYMENT_TARGET = 10.2;
				MTL_ENABLE_DEBUG_INFO = YES;
				ONLY_ACTIVE_ARCH = YES;
				SDKROOT = iphoneos;
				SWIFT_ACTIVE_COMPILATION_CONDITIONS = DEBUG;
				SWIFT_OPTIMIZATION_LEVEL = "-Onone";
				TARGETED_DEVICE_FAMILY = "1,2";
			};
			name = Debug;
		};
		D516DC1A1F5F9EF10038A926 /* Release */ = {
			isa = XCBuildConfiguration;
			buildSettings = {
				ALWAYS_SEARCH_USER_PATHS = NO;
				CLANG_ANALYZER_NONNULL = YES;
				CLANG_CXX_LANGUAGE_STANDARD = "gnu++0x";
				CLANG_CXX_LIBRARY = "libc++";
				CLANG_ENABLE_MODULES = YES;
				CLANG_ENABLE_OBJC_ARC = YES;
				CLANG_WARN_BOOL_CONVERSION = YES;
				CLANG_WARN_CONSTANT_CONVERSION = YES;
				CLANG_WARN_DIRECT_OBJC_ISA_USAGE = YES_ERROR;
				CLANG_WARN_DOCUMENTATION_COMMENTS = YES;
				CLANG_WARN_EMPTY_BODY = YES;
				CLANG_WARN_ENUM_CONVERSION = YES;
				CLANG_WARN_INFINITE_RECURSION = YES;
				CLANG_WARN_INT_CONVERSION = YES;
				CLANG_WARN_OBJC_ROOT_CLASS = YES_ERROR;
				CLANG_WARN_SUSPICIOUS_MOVE = YES;
				CLANG_WARN_UNREACHABLE_CODE = YES;
				CLANG_WARN__DUPLICATE_METHOD_MATCH = YES;
				"CODE_SIGN_IDENTITY[sdk=iphoneos*]" = "iPhone Developer";
				COPY_PHASE_STRIP = NO;
				DEBUG_INFORMATION_FORMAT = "dwarf-with-dsym";
				ENABLE_NS_ASSERTIONS = NO;
				ENABLE_STRICT_OBJC_MSGSEND = YES;
				GCC_C_LANGUAGE_STANDARD = gnu99;
				GCC_NO_COMMON_BLOCKS = YES;
				GCC_WARN_64_TO_32_BIT_CONVERSION = YES;
				GCC_WARN_ABOUT_RETURN_TYPE = YES_ERROR;
				GCC_WARN_UNDECLARED_SELECTOR = YES;
				GCC_WARN_UNINITIALIZED_AUTOS = YES_AGGRESSIVE;
				GCC_WARN_UNUSED_FUNCTION = YES;
				GCC_WARN_UNUSED_VARIABLE = YES;
				IPHONEOS_DEPLOYMENT_TARGET = 10.2;
				MTL_ENABLE_DEBUG_INFO = NO;
				SDKROOT = iphoneos;
				SWIFT_OPTIMIZATION_LEVEL = "-Owholemodule";
				TARGETED_DEVICE_FAMILY = "1,2";
				VALIDATE_PRODUCT = YES;
			};
			name = Release;
		};
		D516DC1C1F5F9EF10038A926 /* Debug */ = {
			isa = XCBuildConfiguration;
			baseConfigurationReference = 65FD236354373EB400E8D08C /* Pods-Dribbble.debug.xcconfig */;
			buildSettings = {
				ASSETCATALOG_COMPILER_APPICON_NAME = AppIcon;
				DEVELOPMENT_TEAM = 9485SFKVYM;
				INFOPLIST_FILE = Dribbble/Info.plist;
				IPHONEOS_DEPLOYMENT_TARGET = 10.2;
				LD_RUNPATH_SEARCH_PATHS = "$(inherited) @executable_path/Frameworks";
				PRODUCT_BUNDLE_IDENTIFIER = "Demo-Hetian.Dribbble";
				PRODUCT_NAME = "$(TARGET_NAME)";
				SWIFT_VERSION = 3.0;
			};
			name = Debug;
		};
		D516DC1D1F5F9EF10038A926 /* Release */ = {
			isa = XCBuildConfiguration;
			baseConfigurationReference = 7EC8A42DB40017D586CB550F /* Pods-Dribbble.release.xcconfig */;
			buildSettings = {
				ASSETCATALOG_COMPILER_APPICON_NAME = AppIcon;
				DEVELOPMENT_TEAM = 9485SFKVYM;
				INFOPLIST_FILE = Dribbble/Info.plist;
				IPHONEOS_DEPLOYMENT_TARGET = 10.2;
				LD_RUNPATH_SEARCH_PATHS = "$(inherited) @executable_path/Frameworks";
				PRODUCT_BUNDLE_IDENTIFIER = "Demo-Hetian.Dribbble";
				PRODUCT_NAME = "$(TARGET_NAME)";
				SWIFT_VERSION = 3.0;
			};
			name = Release;
		};
/* End XCBuildConfiguration section */

/* Begin XCConfigurationList section */
		D516DC041F5F9EF10038A926 /* Build configuration list for PBXProject "Dribbble" */ = {
			isa = XCConfigurationList;
			buildConfigurations = (
				D516DC191F5F9EF10038A926 /* Debug */,
				D516DC1A1F5F9EF10038A926 /* Release */,
			);
			defaultConfigurationIsVisible = 0;
			defaultConfigurationName = Release;
		};
		D516DC1B1F5F9EF10038A926 /* Build configuration list for PBXNativeTarget "Dribbble" */ = {
			isa = XCConfigurationList;
			buildConfigurations = (
				D516DC1C1F5F9EF10038A926 /* Debug */,
				D516DC1D1F5F9EF10038A926 /* Release */,
			);
			defaultConfigurationIsVisible = 0;
			defaultConfigurationName = Release;
		};
/* End XCConfigurationList section */
	};
	rootObject = D516DC011F5F9EF10038A926 /* Project object */;
}
